// !$*UTF8*$!
{
	archiveVersion = 1;
	classes = {
	};
	objectVersion = 50;
	objects = {

/* Begin PBXBuildFile section */
		3B14B79625CACE8300459784 /* AppDelegate.swift in Sources */ = {isa = PBXBuildFile; fileRef = 3B14B79525CACE8300459784 /* AppDelegate.swift */; };
		3B14B79825CACE8300459784 /* SceneDelegate.swift in Sources */ = {isa = PBXBuildFile; fileRef = 3B14B79725CACE8300459784 /* SceneDelegate.swift */; };
		3B14B79A25CACE8300459784 /* ViewController.swift in Sources */ = {isa = PBXBuildFile; fileRef = 3B14B79925CACE8300459784 /* ViewController.swift */; };
		3B14B79D25CACE8300459784 /* Main.storyboard in Resources */ = {isa = PBXBuildFile; fileRef = 3B14B79B25CACE8300459784 /* Main.storyboard */; };
		3B14B79F25CACE8600459784 /* Assets.xcassets in Resources */ = {isa = PBXBuildFile; fileRef = 3B14B79E25CACE8600459784 /* Assets.xcassets */; };
		3B14B7A225CACE8600459784 /* LaunchScreen.storyboard in Resources */ = {isa = PBXBuildFile; fileRef = 3B14B7A025CACE8600459784 /* LaunchScreen.storyboard */; };
		AE595D5858BA429B22383181 /* Pods_RxSample.framework in Frameworks */ = {isa = PBXBuildFile; fileRef = FE19D048D8ABCAE741B0779F /* Pods_RxSample.framework */; };
/* End PBXBuildFile section */

/* Begin PBXFileReference section */
		3B14B79225CACE8300459784 /* RxSample.app */ = {isa = PBXFileReference; explicitFileType = wrapper.application; includeInIndex = 0; path = RxSample.app; sourceTree = BUILT_PRODUCTS_DIR; };
		3B14B79525CACE8300459784 /* AppDelegate.swift */ = {isa = PBXFileReference; lastKnownFileType = sourcecode.swift; path = AppDelegate.swift; sourceTree = "<group>"; };
		3B14B79725CACE8300459784 /* SceneDelegate.swift */ = {isa = PBXFileReference; lastKnownFileType = sourcecode.swift; path = SceneDelegate.swift; sourceTree = "<group>"; };
		3B14B79925CACE8300459784 /* ViewController.swift */ = {isa = PBXFileReference; lastKnownFileType = sourcecode.swift; path = ViewController.swift; sourceTree = "<group>"; };
		3B14B79C25CACE8300459784 /* Base */ = {isa = PBXFileReference; lastKnownFileType = file.storyboard; name = Base; path = Base.lproj/Main.storyboard; sourceTree = "<group>"; };
		3B14B79E25CACE8600459784 /* Assets.xcassets */ = {isa = PBXFileReference; lastKnownFileType = folder.assetcatalog; path = Assets.xcassets; sourceTree = "<group>"; };
		3B14B7A125CACE8600459784 /* Base */ = {isa = PBXFileReference; lastKnownFileType = file.storyboard; name = Base; path = Base.lproj/LaunchScreen.storyboard; sourceTree = "<group>"; };
		3B14B7A325CACE8600459784 /* Info.plist */ = {isa = PBXFileReference; lastKnownFileType = text.plist.xml; path = Info.plist; sourceTree = "<group>"; };
		F3676E0E825C617927528CA7 /* Pods-RxSample.debug.xcconfig */ = {isa = PBXFileReference; includeInIndex = 1; lastKnownFileType = text.xcconfig; name = "Pods-RxSample.debug.xcconfig"; path = "Target Support Files/Pods-RxSample/Pods-RxSample.debug.xcconfig"; sourceTree = "<group>"; };
		FDA6677D38DE1EBAE979B728 /* Pods-RxSample.release.xcconfig */ = {isa = PBXFileReference; includeInIndex = 1; lastKnownFileType = text.xcconfig; name = "Pods-RxSample.release.xcconfig"; path = "Target Support Files/Pods-RxSample/Pods-RxSample.release.xcconfig"; sourceTree = "<group>"; };
		FE19D048D8ABCAE741B0779F /* Pods_RxSample.framework */ = {isa = PBXFileReference; explicitFileType = wrapper.framework; includeInIndex = 0; path = Pods_RxSample.framework; sourceTree = BUILT_PRODUCTS_DIR; };
/* End PBXFileReference section */

/* Begin PBXFrameworksBuildPhase section */
		3B14B78F25CACE8300459784 /* Frameworks */ = {
			isa = PBXFrameworksBuildPhase;
			buildActionMask = 2147483647;
			files = (
				AE595D5858BA429B22383181 /* Pods_RxSample.framework in Frameworks */,
			);
			runOnlyForDeploymentPostprocessing = 0;
		};
/* End PBXFrameworksBuildPhase section */

/* Begin PBXGroup section */
		33949DE0D6A56032ED43CC99 /* Pods */ = {
			isa = PBXGroup;
			children = (
				F3676E0E825C617927528CA7 /* Pods-RxSample.debug.xcconfig */,
				FDA6677D38DE1EBAE979B728 /* Pods-RxSample.release.xcconfig */,
			);
			name = Pods;
			path = Pods;
			sourceTree = "<group>";
		};
		3B14B78925CACE8200459784 = {
			isa = PBXGroup;
			children = (
				3B14B79425CACE8300459784 /* RxSample */,
				3B14B79325CACE8300459784 /* Products */,
				33949DE0D6A56032ED43CC99 /* Pods */,
				EDC5EB62936BB4602303161C /* Frameworks */,
			);
			sourceTree = "<group>";
		};
		3B14B79325CACE8300459784 /* Products */ = {
			isa = PBXGroup;
			children = (
				3B14B79225CACE8300459784 /* RxSample.app */,
			);
			name = Products;
			sourceTree = "<group>";
		};
		3B14B79425CACE8300459784 /* RxSample */ = {
			isa = PBXGroup;
			children = (
				3B14B79525CACE8300459784 /* AppDelegate.swift */,
				3B14B79725CACE8300459784 /* SceneDelegate.swift */,
				3B14B79925CACE8300459784 /* ViewController.swift */,
				3B14B79B25CACE8300459784 /* Main.storyboard */,
				3B14B79E25CACE8600459784 /* Assets.xcassets */,
				3B14B7A025CACE8600459784 /* LaunchScreen.storyboard */,
				3B14B7A325CACE8600459784 /* Info.plist */,
			);
			path = RxSample;
			sourceTree = "<group>";
		};
		EDC5EB62936BB4602303161C /* Frameworks */ = {
			isa = PBXGroup;
			children = (
				FE19D048D8ABCAE741B0779F /* Pods_RxSample.framework */,
			);
			name = Frameworks;
			sourceTree = "<group>";
		};
/* End PBXGroup section */

/* Begin PBXNativeTarget section */
		3B14B79125CACE8300459784 /* RxSample */ = {
			isa = PBXNativeTarget;
			buildConfigurationList = 3B14B7A625CACE8600459784 /* Build configuration list for PBXNativeTarget "RxSample" */;
			buildPhases = (
				F1054B4F566B246B7A43140B /* [CP] Check Pods Manifest.lock */,
				3B14B78E25CACE8300459784 /* Sources */,
				3B14B78F25CACE8300459784 /* Frameworks */,
				3B14B79025CACE8300459784 /* Resources */,
				059B576B89995E7312A8C7B8 /* [CP] Embed Pods Frameworks */,
			);
			buildRules = (
			);
			dependencies = (
			);
			name = RxSample;
			productName = RxSample;
			productReference = 3B14B79225CACE8300459784 /* RxSample.app */;
			productType = "com.apple.product-type.application";
		};
/* End PBXNativeTarget section */

/* Begin PBXProject section */
		3B14B78A25CACE8200459784 /* Project object */ = {
			isa = PBXProject;
			attributes = {
				LastSwiftUpdateCheck = 1210;
				LastUpgradeCheck = 1210;
				TargetAttributes = {
					3B14B79125CACE8300459784 = {
						CreatedOnToolsVersion = 12.1;
					};
				};
			};
			buildConfigurationList = 3B14B78D25CACE8200459784 /* Build configuration list for PBXProject "RxSample" */;
			compatibilityVersion = "Xcode 9.3";
			developmentRegion = en;
			hasScannedForEncodings = 0;
			knownRegions = (
				en,
				Base,
			);
			mainGroup = 3B14B78925CACE8200459784;
			productRefGroup = 3B14B79325CACE8300459784 /* Products */;
			projectDirPath = "";
			projectRoot = "";
			targets = (
				3B14B79125CACE8300459784 /* RxSample */,
			);
		};
/* End PBXProject section */

/* Begin PBXResourcesBuildPhase section */
		3B14B79025CACE8300459784 /* Resources */ = {
			isa = PBXResourcesBuildPhase;
			buildActionMask = 2147483647;
			files = (
				3B14B7A225CACE8600459784 /* LaunchScreen.storyboard in Resources */,
				3B14B79F25CACE8600459784 /* Assets.xcassets in Resources */,
				3B14B79D25CACE8300459784 /* Main.storyboard in Resources */,
			);
			runOnlyForDeploymentPostprocessing = 0;
		};
/* End PBXResourcesBuildPhase section */

/* Begin PBXShellScriptBuildPhase section */
		059B576B89995E7312A8C7B8 /* [CP] Embed Pods Frameworks */ = {
			isa = PBXShellScriptBuildPhase;
			buildActionMask = 2147483647;
			files = (
			);
			inputFileListPaths = (
				"${PODS_ROOT}/Target Support Files/Pods-RxSample/Pods-RxSample-frameworks-${CONFIGURATION}-input-files.xcfilelist",
			);
			name = "[CP] Embed Pods Frameworks";
			outputFileListPaths = (
				"${PODS_ROOT}/Target Support Files/Pods-RxSample/Pods-RxSample-frameworks-${CONFIGURATION}-output-files.xcfilelist",
			);
			runOnlyForDeploymentPostprocessing = 0;
			shellPath = /bin/sh;
			shellScript = "\"${PODS_ROOT}/Target Support Files/Pods-RxSample/Pods-RxSample-frameworks.sh\"\n";
			showEnvVarsInLog = 0;
		};
		F1054B4F566B246B7A43140B /* [CP] Check Pods Manifest.lock */ = {
			isa = PBXShellScriptBuildPhase;
			buildActionMask = 2147483647;
			files = (
			);
			inputFileListPaths = (
			);
			inputPaths = (
				"${PODS_PODFILE_DIR_PATH}/Podfile.lock",
				"${PODS_ROOT}/Manifest.lock",
			);
			name = "[CP] Check Pods Manifest.lock";
			outputFileListPaths = (
			);
			outputPaths = (
				"$(DERIVED_FILE_DIR)/Pods-RxSample-checkManifestLockResult.txt",
			);
			runOnlyForDeploymentPostprocessing = 0;
			shellPath = /bin/sh;
			shellScript = "diff \"${PODS_PODFILE_DIR_PATH}/Podfile.lock\" \"${PODS_ROOT}/Manifest.lock\" > /dev/null\nif [ $? != 0 ] ; then\n    # print error to STDERR\n    echo \"error: The sandbox is not in sync with the Podfile.lock. Run 'pod install' or update your CocoaPods installation.\" >&2\n    exit 1\nfi\n# This output is used by Xcode 'outputs' to avoid re-running this script phase.\necho \"SUCCESS\" > \"${SCRIPT_OUTPUT_FILE_0}\"\n";
			showEnvVarsInLog = 0;
		};
/* End PBXShellScriptBuildPhase section */

/* Begin PBXSourcesBuildPhase section */
		3B14B78E25CACE8300459784 /* Sources */ = {
			isa = PBXSourcesBuildPhase;
			buildActionMask = 2147483647;
			files = (
				3B14B79A25CACE8300459784 /* ViewController.swift in Sources */,
				3B14B79625CACE8300459784 /* AppDelegate.swift in Sources */,
				3B14B79825CACE8300459784 /* SceneDelegate.swift in Sources */,
			);
			runOnlyForDeploymentPostprocessing = 0;
		};
/* End PBXSourcesBuildPhase section */

/* Begin PBXVariantGroup section */
		3B14B79B25CACE8300459784 /* Main.storyboard */ = {
			isa = PBXVariantGroup;
			children = (
				3B14B79C25CACE8300459784 /* Base */,
			);
			name = Main.storyboard;
			sourceTree = "<group>";
		};
		3B14B7A025CACE8600459784 /* LaunchScreen.storyboard */ = {
			isa = PBXVariantGroup;
			children = (
				3B14B7A125CACE8600459784 /* Base */,
			);
			name = LaunchScreen.storyboard;
			sourceTree = "<group>";
		};
/* End PBXVariantGroup section */

/* Begin XCBuildConfiguration section */
		3B14B7A425CACE8600459784 /* Debug */ = {
			isa = XCBuildConfiguration;
			buildSettings = {
				ALWAYS_SEARCH_USER_PATHS = NO;
				CLANG_ANALYZER_NONNULL = YES;
				CLANG_ANALYZER_NUMBER_OBJECT_CONVERSION = YES_AGGRESSIVE;
				CLANG_CXX_LANGUAGE_STANDARD = "gnu++14";
				CLANG_CXX_LIBRARY = "libc++";
				CLANG_ENABLE_MODULES = YES;
				CLANG_ENABLE_OBJC_ARC = YES;
				CLANG_ENABLE_OBJC_WEAK = YES;
				CLANG_WARN_BLOCK_CAPTURE_AUTORELEASING = YES;
				CLANG_WARN_BOOL_CONVERSION = YES;
				CLANG_WARN_COMMA = YES;
				CLANG_WARN_CONSTANT_CONVERSION = YES;
				CLANG_WARN_DEPRECATED_OBJC_IMPLEMENTATIONS = YES;
				CLANG_WARN_DIRECT_OBJC_ISA_USAGE = YES_ERROR;
				CLANG_WARN_DOCUMENTATION_COMMENTS = YES;
				CLANG_WARN_EMPTY_BODY = YES;
				CLANG_WARN_ENUM_CONVERSION = YES;
				CLANG_WARN_INFINITE_RECURSION = YES;
				CLANG_WARN_INT_CONVERSION = YES;
				CLANG_WARN_NON_LITERAL_NULL_CONVERSION = YES;
				CLANG_WARN_OBJC_IMPLICIT_RETAIN_SELF = YES;
				CLANG_WARN_OBJC_LITERAL_CONVERSION = YES;
				CLANG_WARN_OBJC_ROOT_CLASS = YES_ERROR;
				CLANG_WARN_QUOTED_INCLUDE_IN_FRAMEWORK_HEADER = YES;
				CLANG_WARN_RANGE_LOOP_ANALYSIS = YES;
				CLANG_WARN_STRICT_PROTOTYPES = YES;
				CLANG_WARN_SUSPICIOUS_MOVE = YES;
				CLANG_WARN_UNGUARDED_AVAILABILITY = YES_AGGRESSIVE;
				CLANG_WARN_UNREACHABLE_CODE = YES;
				CLANG_WARN__DUPLICATE_METHOD_MATCH = YES;
				COPY_PHASE_STRIP = NO;
				DEBUG_INFORMATION_FORMAT = dwarf;
				ENABLE_STRICT_OBJC_MSGSEND = YES;
				ENABLE_TESTABILITY = YES;
				GCC_C_LANGUAGE_STANDARD = gnu11;
				GCC_DYNAMIC_NO_PIC = NO;
				GCC_NO_COMMON_BLOCKS = YES;
				GCC_OPTIMIZATION_LEVEL = 0;
				GCC_PREPROCESSOR_DEFINITIONS = (
					"DEBUG=1",
					"$(inherited)",
				);
				GCC_WARN_64_TO_32_BIT_CONVERSION = YES;
				GCC_WARN_ABOUT_RETURN_TYPE = YES_ERROR;
				GCC_WARN_UNDECLARED_SELECTOR = YES;
				GCC_WARN_UNINITIALIZED_AUTOS = YES_AGGRESSIVE;
				GCC_WARN_UNUSED_FUNCTION = YES;
				GCC_WARN_UNUSED_VARIABLE = YES;
				IPHONEOS_DEPLOYMENT_TARGET = 14.1;
				MTL_ENABLE_DEBUG_INFO = INCLUDE_SOURCE;
				MTL_FAST_MATH = YES;
				ONLY_ACTIVE_ARCH = YES;
				SDKROOT = iphoneos;
				SWIFT_ACTIVE_COMPILATION_CONDITIONS = DEBUG;
				SWIFT_OPTIMIZATION_LEVEL = "-Onone";
			};
			name = Debug;
		};
		3B14B7A525CACE8600459784 /* Release */ = {
			isa = XCBuildConfiguration;
			buildSettings = {
				ALWAYS_SEARCH_USER_PATHS = NO;
				CLANG_ANALYZER_NONNULL = YES;
				CLANG_ANALYZER_NUMBER_OBJECT_CONVERSION = YES_AGGRESSIVE;
				CLANG_CXX_LANGUAGE_STANDARD = "gnu++14";
				CLANG_CXX_LIBRARY = "libc++";
				CLANG_ENABLE_MODULES = YES;
				CLANG_ENABLE_OBJC_ARC = YES;
				CLANG_ENABLE_OBJC_WEAK = YES;
				CLANG_WARN_BLOCK_CAPTURE_AUTORELEASING = YES;
				CLANG_WARN_BOOL_CONVERSION = YES;
				CLANG_WARN_COMMA = YES;
				CLANG_WARN_CONSTANT_CONVERSION = YES;
				CLANG_WARN_DEPRECATED_OBJC_IMPLEMENTATIONS = YES;
				CLANG_WARN_DIRECT_OBJC_ISA_USAGE = YES_ERROR;
				CLANG_WARN_DOCUMENTATION_COMMENTS = YES;
				CLANG_WARN_EMPTY_BODY = YES;
				CLANG_WARN_ENUM_CONVERSION = YES;
				CLANG_WARN_INFINITE_RECURSION = YES;
				CLANG_WARN_INT_CONVERSION = YES;
				CLANG_WARN_NON_LITERAL_NULL_CONVERSION = YES;
				CLANG_WARN_OBJC_IMPLICIT_RETAIN_SELF = YES;
				CLANG_WARN_OBJC_LITERAL_CONVERSION = YES;
				CLANG_WARN_OBJC_ROOT_CLASS = YES_ERROR;
				CLANG_WARN_QUOTED_INCLUDE_IN_FRAMEWORK_HEADER = YES;
				CLANG_WARN_RANGE_LOOP_ANALYSIS = YES;
				CLANG_WARN_STRICT_PROTOTYPES = YES;
				CLANG_WARN_SUSPICIOUS_MOVE = YES;
				CLANG_WARN_UNGUARDED_AVAILABILITY = YES_AGGRESSIVE;
				CLANG_WARN_UNREACHABLE_CODE = YES;
				CLANG_WARN__DUPLICATE_METHOD_MATCH = YES;
				COPY_PHASE_STRIP = NO;
				DEBUG_INFORMATION_FORMAT = "dwarf-with-dsym";
				ENABLE_NS_ASSERTIONS = NO;
				ENABLE_STRICT_OBJC_MSGSEND = YES;
				GCC_C_LANGUAGE_STANDARD = gnu11;
				GCC_NO_COMMON_BLOCKS = YES;
				GCC_WARN_64_TO_32_BIT_CONVERSION = YES;
				GCC_WARN_ABOUT_RETURN_TYPE = YES_ERROR;
				GCC_WARN_UNDECLARED_SELECTOR = YES;
				GCC_WARN_UNINITIALIZED_AUTOS = YES_AGGRESSIVE;
				GCC_WARN_UNUSED_FUNCTION = YES;
				GCC_WARN_UNUSED_VARIABLE = YES;
				IPHONEOS_DEPLOYMENT_TARGET = 14.1;
				MTL_ENABLE_DEBUG_INFO = NO;
				MTL_FAST_MATH = YES;
				SDKROOT = iphoneos;
				SWIFT_COMPILATION_MODE = wholemodule;
				SWIFT_OPTIMIZATION_LEVEL = "-O";
				VALIDATE_PRODUCT = YES;
			};
			name = Release;
		};
		3B14B7A725CACE8600459784 /* Debug */ = {
			isa = XCBuildConfiguration;
			baseConfigurationReference = F3676E0E825C617927528CA7 /* Pods-RxSample.debug.xcconfig */;
			buildSettings = {
				ASSETCATALOG_COMPILER_APPICON_NAME = AppIcon;
				ASSETCATALOG_COMPILER_GLOBAL_ACCENT_COLOR_NAME = AccentColor;
				CODE_SIGN_STYLE = Automatic;
				DEVELOPMENT_TEAM = MZS6GWM7ZN;
				INFOPLIST_FILE = RxSample/Info.plist;
				LD_RUNPATH_SEARCH_PATHS = (
					"$(inherited)",
					"@executable_path/Frameworks",
				);
				PRODUCT_BUNDLE_IDENTIFIER = com.antk.RxSample;
				PRODUCT_NAME = "$(TARGET_NAME)";
				SWIFT_VERSION = 5.0;
				TARGETED_DEVICE_FAMILY = 1;
			};
			name = Debug;
		};
		3B14B7A825CACE8600459784 /* Release */ = {
			isa = XCBuildConfiguration;
			baseConfigurationReference = FDA6677D38DE1EBAE979B728 /* Pods-RxSample.release.xcconfig */;
			buildSettings = {
				ASSETCATALOG_COMPILER_APPICON_NAME = AppIcon;
				ASSETCATALOG_COMPILER_GLOBAL_ACCENT_COLOR_NAME = AccentColor;
				CODE_SIGN_STYLE = Automatic;
				DEVELOPMENT_TEAM = MZS6GWM7ZN;
				INFOPLIST_FILE = RxSample/Info.plist;
				LD_RUNPATH_SEARCH_PATHS = (
					"$(inherited)",
					"@executable_path/Frameworks",
				);
				PRODUCT_BUNDLE_IDENTIFIER = com.antk.RxSample;
				PRODUCT_NAME = "$(TARGET_NAME)";
				SWIFT_VERSION = 5.0;
				TARGETED_DEVICE_FAMILY = 1;
			};
			name = Release;
		};
/* End XCBuildConfiguration section */

/* Begin XCConfigurationList section */
		3B14B78D25CACE8200459784 /* Build configuration list for PBXProject "RxSample" */ = {
			isa = XCConfigurationList;
			buildConfigurations = (
				3B14B7A425CACE8600459784 /* Debug */,
				3B14B7A525CACE8600459784 /* Release */,
			);
			defaultConfigurationIsVisible = 0;
			defaultConfigurationName = Release;
		};
		3B14B7A625CACE8600459784 /* Build configuration list for PBXNativeTarget "RxSample" */ = {
			isa = XCConfigurationList;
			buildConfigurations = (
				3B14B7A725CACE8600459784 /* Debug */,
				3B14B7A825CACE8600459784 /* Release */,
			);
			defaultConfigurationIsVisible = 0;
			defaultConfigurationName = Release;
		};
/* End XCConfigurationList section */
	};
	rootObject = 3B14B78A25CACE8200459784 /* Project object */;
}
